// !$*UTF8*$!
{
	archiveVersion = 1;
	classes = {
	};
	objectVersion = 50;
	objects = {

/* Begin PBXBuildFile section */
		3D1DFD72237088B10083F2A3 /* Movie.swift in Sources */ = {isa = PBXBuildFile; fileRef = 3D1DFD71237088B10083F2A3 /* Movie.swift */; };
		3D3BA3342369CFC20024FE4B /* Album.swift in Sources */ = {isa = PBXBuildFile; fileRef = 3D3BA3332369CFC20024FE4B /* Album.swift */; };
		3D84217623705BA0000E4023 /* MoviesSectionViewModel.swift in Sources */ = {isa = PBXBuildFile; fileRef = 3D84217523705BA0000E4023 /* MoviesSectionViewModel.swift */; };
		3D84217C23707F2A000E4023 /* MoviesSectionCollectionViewCell.swift in Sources */ = {isa = PBXBuildFile; fileRef = 3D84217B23707F2A000E4023 /* MoviesSectionCollectionViewCell.swift */; };
		3D84217E2370818E000E4023 /* MovieCell.swift in Sources */ = {isa = PBXBuildFile; fileRef = 3D84217D2370818E000E4023 /* MovieCell.swift */; };
		3D842180237081E1000E4023 /* MovieCellTheme.swift in Sources */ = {isa = PBXBuildFile; fileRef = 3D84217F237081E1000E4023 /* MovieCellTheme.swift */; };
		3D84218223708211000E4023 /* MovieCellLayout.swift in Sources */ = {isa = PBXBuildFile; fileRef = 3D84218123708211000E4023 /* MovieCellLayout.swift */; };
		3D84218423708671000E4023 /* MovieViewModel.swift in Sources */ = {isa = PBXBuildFile; fileRef = 3D84218323708671000E4023 /* MovieViewModel.swift */; };
		3D8C7745236F3C1100A556DF /* ListLayout.swift in Sources */ = {isa = PBXBuildFile; fileRef = 3D8C7744236F3C1100A556DF /* ListLayout.swift */; };
		3DABB25D2368D50C00071222 /* AlbumCellTheme.swift in Sources */ = {isa = PBXBuildFile; fileRef = 3DABB25C2368D50C00071222 /* AlbumCellTheme.swift */; };
		3DABB25F2368D65C00071222 /* AlbumViewModel.swift in Sources */ = {isa = PBXBuildFile; fileRef = 3DABB25E2368D65C00071222 /* AlbumViewModel.swift */; };
		3DABB2662368E85900071222 /* DataManager.swift in Sources */ = {isa = PBXBuildFile; fileRef = 3DABB2652368E85900071222 /* DataManager.swift */; };
		3DABB2672368E8F500071222 /* UICell + Protocol Extensions.swift in Sources */ = {isa = PBXBuildFile; fileRef = 3DABB2632368E83B00071222 /* UICell + Protocol Extensions.swift */; };
		3DABB26B2368EA1600071222 /* UICollectionView + Extensions.swift in Sources */ = {isa = PBXBuildFile; fileRef = 3DABB26A2368EA1600071222 /* UICollectionView + Extensions.swift */; };
		3DABB26E236A1A5500071222 /* RootViewModel.swift in Sources */ = {isa = PBXBuildFile; fileRef = 3DABB26D236A1A5500071222 /* RootViewModel.swift */; };
		3DFC757D236CCC1A00E14A1B /* AlbumsSectionCollectionViewCell.swift in Sources */ = {isa = PBXBuildFile; fileRef = 3DFC757C236CCC1A00E14A1B /* AlbumsSectionCollectionViewCell.swift */; };
		3DFC757F236CCCE300E14A1B /* AlbumsSectionViewModel.swift in Sources */ = {isa = PBXBuildFile; fileRef = 3DFC757E236CCCE300E14A1B /* AlbumsSectionViewModel.swift */; };
		A95291822201DC1500EBCA9B /* GridLayout.swift in Sources */ = {isa = PBXBuildFile; fileRef = A95291812201DC1500EBCA9B /* GridLayout.swift */; };
		A952918E22034D8F00EBCA9B /* AlbumCellLayout.swift in Sources */ = {isa = PBXBuildFile; fileRef = A952918D22034D8F00EBCA9B /* AlbumCellLayout.swift */; };
		A9FC46D121FB8E70004ACDF0 /* AppDelegate.swift in Sources */ = {isa = PBXBuildFile; fileRef = A9FC46D021FB8E70004ACDF0 /* AppDelegate.swift */; };
		A9FC46DB21FB8E72004ACDF0 /* Assets.xcassets in Resources */ = {isa = PBXBuildFile; fileRef = A9FC46DA21FB8E72004ACDF0 /* Assets.xcassets */; };
		A9FC46DE21FB8E72004ACDF0 /* LaunchScreen.storyboard in Resources */ = {isa = PBXBuildFile; fileRef = A9FC46DC21FB8E72004ACDF0 /* LaunchScreen.storyboard */; };
		A9FC46E921FB8E73004ACDF0 /* Top_100Tests.swift in Sources */ = {isa = PBXBuildFile; fileRef = A9FC46E821FB8E73004ACDF0 /* Top_100Tests.swift */; };
		A9FC46F421FB8E73004ACDF0 /* Top_100UITests.swift in Sources */ = {isa = PBXBuildFile; fileRef = A9FC46F321FB8E73004ACDF0 /* Top_100UITests.swift */; };
		A9FC471321FB9088004ACDF0 /* AsynchronousOperation.swift in Sources */ = {isa = PBXBuildFile; fileRef = A9FC471021FB9088004ACDF0 /* AsynchronousOperation.swift */; };
		A9FC471421FB9088004ACDF0 /* Log.swift in Sources */ = {isa = PBXBuildFile; fileRef = A9FC471121FB9088004ACDF0 /* Log.swift */; };
		A9FC471521FB9088004ACDF0 /* Reachability.swift in Sources */ = {isa = PBXBuildFile; fileRef = A9FC471221FB9088004ACDF0 /* Reachability.swift */; };
		A9FC471721FB9093004ACDF0 /* NetworkActivityIndicator.swift in Sources */ = {isa = PBXBuildFile; fileRef = A9FC471621FB9093004ACDF0 /* NetworkActivityIndicator.swift */; };
		A9FC471921FB9098004ACDF0 /* PresentationController.swift in Sources */ = {isa = PBXBuildFile; fileRef = A9FC471821FB9098004ACDF0 /* PresentationController.swift */; };
		A9FC471B21FB909F004ACDF0 /* CollectionViewTransitioningCoordinator.swift in Sources */ = {isa = PBXBuildFile; fileRef = A9FC471A21FB909F004ACDF0 /* CollectionViewTransitioningCoordinator.swift */; };
		A9FC471D21FB90A8004ACDF0 /* UILayoutPriorityExtensions.swift in Sources */ = {isa = PBXBuildFile; fileRef = A9FC471C21FB90A8004ACDF0 /* UILayoutPriorityExtensions.swift */; };
		A9FC471F21FB90B6004ACDF0 /* API.swift in Sources */ = {isa = PBXBuildFile; fileRef = A9FC471E21FB90B6004ACDF0 /* API.swift */; };
		A9FC472121FB90BE004ACDF0 /* ErrorHandling.swift in Sources */ = {isa = PBXBuildFile; fileRef = A9FC472021FB90BD004ACDF0 /* ErrorHandling.swift */; };
		A9FC472321FB90F8004ACDF0 /* NetworkManager.swift in Sources */ = {isa = PBXBuildFile; fileRef = A9FC472221FB90F8004ACDF0 /* NetworkManager.swift */; };
		A9FC472721FB9109004ACDF0 /* NetworkOperations.swift in Sources */ = {isa = PBXBuildFile; fileRef = A9FC472621FB9109004ACDF0 /* NetworkOperations.swift */; };
		A9FC472921FB9139004ACDF0 /* AlbumCell.swift in Sources */ = {isa = PBXBuildFile; fileRef = A9FC472821FB9139004ACDF0 /* AlbumCell.swift */; };
		A9FC473521FB956F004ACDF0 /* AlbumDetailViewController.swift in Sources */ = {isa = PBXBuildFile; fileRef = A9FC473421FB956F004ACDF0 /* AlbumDetailViewController.swift */; };
		A9FC473921FB9631004ACDF0 /* RootViewController.swift in Sources */ = {isa = PBXBuildFile; fileRef = A9FC473821FB9631004ACDF0 /* RootViewController.swift */; };
/* End PBXBuildFile section */

/* Begin PBXContainerItemProxy section */
		A9FC46E521FB8E73004ACDF0 /* PBXContainerItemProxy */ = {
			isa = PBXContainerItemProxy;
			containerPortal = A9FC46C521FB8E70004ACDF0 /* Project object */;
			proxyType = 1;
			remoteGlobalIDString = A9FC46CC21FB8E70004ACDF0;
			remoteInfo = "Top 100";
		};
		A9FC46F021FB8E73004ACDF0 /* PBXContainerItemProxy */ = {
			isa = PBXContainerItemProxy;
			containerPortal = A9FC46C521FB8E70004ACDF0 /* Project object */;
			proxyType = 1;
			remoteGlobalIDString = A9FC46CC21FB8E70004ACDF0;
			remoteInfo = "Top 100";
		};
/* End PBXContainerItemProxy section */

/* Begin PBXFileReference section */
		3D1DFD71237088B10083F2A3 /* Movie.swift */ = {isa = PBXFileReference; lastKnownFileType = sourcecode.swift; path = Movie.swift; sourceTree = "<group>"; };
		3D3BA3332369CFC20024FE4B /* Album.swift */ = {isa = PBXFileReference; lastKnownFileType = sourcecode.swift; path = Album.swift; sourceTree = "<group>"; };
		3D84217523705BA0000E4023 /* MoviesSectionViewModel.swift */ = {isa = PBXFileReference; lastKnownFileType = sourcecode.swift; path = MoviesSectionViewModel.swift; sourceTree = "<group>"; };
		3D84217B23707F2A000E4023 /* MoviesSectionCollectionViewCell.swift */ = {isa = PBXFileReference; lastKnownFileType = sourcecode.swift; path = MoviesSectionCollectionViewCell.swift; sourceTree = "<group>"; };
		3D84217D2370818E000E4023 /* MovieCell.swift */ = {isa = PBXFileReference; lastKnownFileType = sourcecode.swift; path = MovieCell.swift; sourceTree = "<group>"; };
		3D84217F237081E1000E4023 /* MovieCellTheme.swift */ = {isa = PBXFileReference; lastKnownFileType = sourcecode.swift; path = MovieCellTheme.swift; sourceTree = "<group>"; };
		3D84218123708211000E4023 /* MovieCellLayout.swift */ = {isa = PBXFileReference; lastKnownFileType = sourcecode.swift; path = MovieCellLayout.swift; sourceTree = "<group>"; };
		3D84218323708671000E4023 /* MovieViewModel.swift */ = {isa = PBXFileReference; lastKnownFileType = sourcecode.swift; path = MovieViewModel.swift; sourceTree = "<group>"; };
		3D8C7744236F3C1100A556DF /* ListLayout.swift */ = {isa = PBXFileReference; fileEncoding = 4; lastKnownFileType = sourcecode.swift; path = ListLayout.swift; sourceTree = "<group>"; };
		3DABB25C2368D50C00071222 /* AlbumCellTheme.swift */ = {isa = PBXFileReference; lastKnownFileType = sourcecode.swift; path = AlbumCellTheme.swift; sourceTree = "<group>"; };
		3DABB25E2368D65C00071222 /* AlbumViewModel.swift */ = {isa = PBXFileReference; lastKnownFileType = sourcecode.swift; path = AlbumViewModel.swift; sourceTree = "<group>"; };
		3DABB2632368E83B00071222 /* UICell + Protocol Extensions.swift */ = {isa = PBXFileReference; lastKnownFileType = sourcecode.swift; path = "UICell + Protocol Extensions.swift"; sourceTree = "<group>"; };
		3DABB2652368E85900071222 /* DataManager.swift */ = {isa = PBXFileReference; fileEncoding = 4; lastKnownFileType = sourcecode.swift; path = DataManager.swift; sourceTree = "<group>"; };
		3DABB26A2368EA1600071222 /* UICollectionView + Extensions.swift */ = {isa = PBXFileReference; lastKnownFileType = sourcecode.swift; path = "UICollectionView + Extensions.swift"; sourceTree = "<group>"; };
		3DABB26D236A1A5500071222 /* RootViewModel.swift */ = {isa = PBXFileReference; lastKnownFileType = sourcecode.swift; path = RootViewModel.swift; sourceTree = "<group>"; };
		3DFC757C236CCC1A00E14A1B /* AlbumsSectionCollectionViewCell.swift */ = {isa = PBXFileReference; fileEncoding = 4; lastKnownFileType = sourcecode.swift; lineEnding = 0; path = AlbumsSectionCollectionViewCell.swift; sourceTree = "<group>"; usesTabs = 0; };
		3DFC757E236CCCE300E14A1B /* AlbumsSectionViewModel.swift */ = {isa = PBXFileReference; lastKnownFileType = sourcecode.swift; path = AlbumsSectionViewModel.swift; sourceTree = "<group>"; };
		A95291812201DC1500EBCA9B /* GridLayout.swift */ = {isa = PBXFileReference; lastKnownFileType = sourcecode.swift; path = GridLayout.swift; sourceTree = "<group>"; };
		A952918D22034D8F00EBCA9B /* AlbumCellLayout.swift */ = {isa = PBXFileReference; lastKnownFileType = sourcecode.swift; path = AlbumCellLayout.swift; sourceTree = "<group>"; };
		A9FC46CD21FB8E70004ACDF0 /* Top 100.app */ = {isa = PBXFileReference; explicitFileType = wrapper.application; includeInIndex = 0; path = "Top 100.app"; sourceTree = BUILT_PRODUCTS_DIR; };
		A9FC46D021FB8E70004ACDF0 /* AppDelegate.swift */ = {isa = PBXFileReference; lastKnownFileType = sourcecode.swift; path = AppDelegate.swift; sourceTree = "<group>"; };
		A9FC46DA21FB8E72004ACDF0 /* Assets.xcassets */ = {isa = PBXFileReference; lastKnownFileType = folder.assetcatalog; path = Assets.xcassets; sourceTree = "<group>"; };
		A9FC46DD21FB8E72004ACDF0 /* Base */ = {isa = PBXFileReference; lastKnownFileType = file.storyboard; name = Base; path = Base.lproj/LaunchScreen.storyboard; sourceTree = "<group>"; };
		A9FC46DF21FB8E72004ACDF0 /* Info.plist */ = {isa = PBXFileReference; lastKnownFileType = text.plist.xml; path = Info.plist; sourceTree = "<group>"; };
		A9FC46E421FB8E73004ACDF0 /* Top 100Tests.xctest */ = {isa = PBXFileReference; explicitFileType = wrapper.cfbundle; includeInIndex = 0; path = "Top 100Tests.xctest"; sourceTree = BUILT_PRODUCTS_DIR; };
		A9FC46E821FB8E73004ACDF0 /* Top_100Tests.swift */ = {isa = PBXFileReference; lastKnownFileType = sourcecode.swift; path = Top_100Tests.swift; sourceTree = "<group>"; };
		A9FC46EA21FB8E73004ACDF0 /* Info.plist */ = {isa = PBXFileReference; lastKnownFileType = text.plist.xml; path = Info.plist; sourceTree = "<group>"; };
		A9FC46EF21FB8E73004ACDF0 /* Top 100UITests.xctest */ = {isa = PBXFileReference; explicitFileType = wrapper.cfbundle; includeInIndex = 0; path = "Top 100UITests.xctest"; sourceTree = BUILT_PRODUCTS_DIR; };
		A9FC46F321FB8E73004ACDF0 /* Top_100UITests.swift */ = {isa = PBXFileReference; lastKnownFileType = sourcecode.swift; path = Top_100UITests.swift; sourceTree = "<group>"; };
		A9FC46F521FB8E73004ACDF0 /* Info.plist */ = {isa = PBXFileReference; lastKnownFileType = text.plist.xml; path = Info.plist; sourceTree = "<group>"; };
		A9FC471021FB9088004ACDF0 /* AsynchronousOperation.swift */ = {isa = PBXFileReference; fileEncoding = 4; lastKnownFileType = sourcecode.swift; path = AsynchronousOperation.swift; sourceTree = "<group>"; };
		A9FC471121FB9088004ACDF0 /* Log.swift */ = {isa = PBXFileReference; fileEncoding = 4; lastKnownFileType = sourcecode.swift; path = Log.swift; sourceTree = "<group>"; };
		A9FC471221FB9088004ACDF0 /* Reachability.swift */ = {isa = PBXFileReference; fileEncoding = 4; lastKnownFileType = sourcecode.swift; path = Reachability.swift; sourceTree = "<group>"; };
		A9FC471621FB9093004ACDF0 /* NetworkActivityIndicator.swift */ = {isa = PBXFileReference; fileEncoding = 4; lastKnownFileType = sourcecode.swift; path = NetworkActivityIndicator.swift; sourceTree = "<group>"; };
		A9FC471821FB9098004ACDF0 /* PresentationController.swift */ = {isa = PBXFileReference; fileEncoding = 4; lastKnownFileType = sourcecode.swift; path = PresentationController.swift; sourceTree = "<group>"; };
		A9FC471A21FB909F004ACDF0 /* CollectionViewTransitioningCoordinator.swift */ = {isa = PBXFileReference; fileEncoding = 4; lastKnownFileType = sourcecode.swift; path = CollectionViewTransitioningCoordinator.swift; sourceTree = "<group>"; };
		A9FC471C21FB90A8004ACDF0 /* UILayoutPriorityExtensions.swift */ = {isa = PBXFileReference; fileEncoding = 4; lastKnownFileType = sourcecode.swift; path = UILayoutPriorityExtensions.swift; sourceTree = "<group>"; };
		A9FC471E21FB90B6004ACDF0 /* API.swift */ = {isa = PBXFileReference; fileEncoding = 4; lastKnownFileType = sourcecode.swift; path = API.swift; sourceTree = "<group>"; };
		A9FC472021FB90BD004ACDF0 /* ErrorHandling.swift */ = {isa = PBXFileReference; fileEncoding = 4; lastKnownFileType = sourcecode.swift; path = ErrorHandling.swift; sourceTree = "<group>"; };
		A9FC472221FB90F8004ACDF0 /* NetworkManager.swift */ = {isa = PBXFileReference; fileEncoding = 4; lastKnownFileType = sourcecode.swift; path = NetworkManager.swift; sourceTree = "<group>"; };
		A9FC472621FB9109004ACDF0 /* NetworkOperations.swift */ = {isa = PBXFileReference; fileEncoding = 4; lastKnownFileType = sourcecode.swift; path = NetworkOperations.swift; sourceTree = "<group>"; };
		A9FC472821FB9139004ACDF0 /* AlbumCell.swift */ = {isa = PBXFileReference; fileEncoding = 4; lastKnownFileType = sourcecode.swift; path = AlbumCell.swift; sourceTree = "<group>"; };
		A9FC473421FB956F004ACDF0 /* AlbumDetailViewController.swift */ = {isa = PBXFileReference; fileEncoding = 4; lastKnownFileType = sourcecode.swift; path = AlbumDetailViewController.swift; sourceTree = "<group>"; };
		A9FC473821FB9631004ACDF0 /* RootViewController.swift */ = {isa = PBXFileReference; fileEncoding = 4; lastKnownFileType = sourcecode.swift; path = RootViewController.swift; sourceTree = "<group>"; };
/* End PBXFileReference section */

/* Begin PBXFrameworksBuildPhase section */
		A9FC46CA21FB8E70004ACDF0 /* Frameworks */ = {
			isa = PBXFrameworksBuildPhase;
			buildActionMask = 2147483647;
			files = (
			);
			runOnlyForDeploymentPostprocessing = 0;
		};
		A9FC46E121FB8E73004ACDF0 /* Frameworks */ = {
			isa = PBXFrameworksBuildPhase;
			buildActionMask = 2147483647;
			files = (
			);
			runOnlyForDeploymentPostprocessing = 0;
		};
		A9FC46EC21FB8E73004ACDF0 /* Frameworks */ = {
			isa = PBXFrameworksBuildPhase;
			buildActionMask = 2147483647;
			files = (
			);
			runOnlyForDeploymentPostprocessing = 0;
		};
/* End PBXFrameworksBuildPhase section */

/* Begin PBXGroup section */
		3D1DFD732370D1FD0083F2A3 /* Movie Cell */ = {
			isa = PBXGroup;
			children = (
				3D84218323708671000E4023 /* MovieViewModel.swift */,
				3D84217D2370818E000E4023 /* MovieCell.swift */,
				3D84218123708211000E4023 /* MovieCellLayout.swift */,
				3D84217F237081E1000E4023 /* MovieCellTheme.swift */,
			);
			path = "Movie Cell";
			sourceTree = "<group>";
		};
		3D84217723707D06000E4023 /* RootView */ = {
			isa = PBXGroup;
			children = (
				3DABB26D236A1A5500071222 /* RootViewModel.swift */,
				A9FC473821FB9631004ACDF0 /* RootViewController.swift */,
			);
			path = RootView;
			sourceTree = "<group>";
		};
		3D84217823707D11000E4023 /* Albums Section */ = {
			isa = PBXGroup;
			children = (
				3DFC757C236CCC1A00E14A1B /* AlbumsSectionCollectionViewCell.swift */,
				3DFC757E236CCCE300E14A1B /* AlbumsSectionViewModel.swift */,
				3D84217923707D40000E4023 /* Album Cell */,
				A9FC473421FB956F004ACDF0 /* AlbumDetailViewController.swift */,
			);
			path = "Albums Section";
			sourceTree = "<group>";
		};
		3D84217923707D40000E4023 /* Album Cell */ = {
			isa = PBXGroup;
			children = (
				A9FC472821FB9139004ACDF0 /* AlbumCell.swift */,
				3DABB25E2368D65C00071222 /* AlbumViewModel.swift */,
				A952918D22034D8F00EBCA9B /* AlbumCellLayout.swift */,
				3DABB25C2368D50C00071222 /* AlbumCellTheme.swift */,
			);
			path = "Album Cell";
			sourceTree = "<group>";
		};
		3D84217A23707EB1000E4023 /* Movies Section */ = {
			isa = PBXGroup;
			children = (
				3D84217B23707F2A000E4023 /* MoviesSectionCollectionViewCell.swift */,
				3D84217523705BA0000E4023 /* MoviesSectionViewModel.swift */,
				3D1DFD732370D1FD0083F2A3 /* Movie Cell */,
			);
			path = "Movies Section";
			sourceTree = "<group>";
		};
		3DABB2612368E83B00071222 /* UI Extensions */ = {
			isa = PBXGroup;
			children = (
				3DABB2632368E83B00071222 /* UICell + Protocol Extensions.swift */,
				3DABB26A2368EA1600071222 /* UICollectionView + Extensions.swift */,
			);
			path = "UI Extensions";
			sourceTree = "<group>";
		};
		A952918B22033CCF00EBCA9B /* API */ = {
			isa = PBXGroup;
			children = (
				A9FC471E21FB90B6004ACDF0 /* API.swift */,
				A9FC472021FB90BD004ACDF0 /* ErrorHandling.swift */,
			);
			path = API;
			sourceTree = "<group>";
		};
		A952918C22033CEC00EBCA9B /* Helpers */ = {
			isa = PBXGroup;
			children = (
				A9A53C21221E20B70088420B /* Common */,
				A9A53C19221DE0670088420B /* Network */,
				A9A53C1D221DE2170088420B /* Operations */,
				A9A53C1B221DE0CF0088420B /* UI */,
			);
			path = Helpers;
			sourceTree = "<group>";
		};
		A9A53C19221DE0670088420B /* Network */ = {
			isa = PBXGroup;
			children = (
				3DABB2652368E85900071222 /* DataManager.swift */,
				A9FC471221FB9088004ACDF0 /* Reachability.swift */,
				A9FC471621FB9093004ACDF0 /* NetworkActivityIndicator.swift */,
				A9FC472221FB90F8004ACDF0 /* NetworkManager.swift */,
				A9FC472621FB9109004ACDF0 /* NetworkOperations.swift */,
			);
			path = Network;
			sourceTree = "<group>";
		};
		A9A53C1A221DE0BA0088420B /* Transitions */ = {
			isa = PBXGroup;
			children = (
				A9FC471A21FB909F004ACDF0 /* CollectionViewTransitioningCoordinator.swift */,
				A9FC471821FB9098004ACDF0 /* PresentationController.swift */,
			);
			path = Transitions;
			sourceTree = "<group>";
		};
		A9A53C1B221DE0CF0088420B /* UI */ = {
			isa = PBXGroup;
			children = (
				A9A53C1E221DE2340088420B /* CollectionView Layouts */,
				A9A53C1C221DE2090088420B /* AutoLayout */,
				A9A53C1A221DE0BA0088420B /* Transitions */,
			);
			path = UI;
			sourceTree = "<group>";
		};
		A9A53C1C221DE2090088420B /* AutoLayout */ = {
			isa = PBXGroup;
			children = (
				A9FC471C21FB90A8004ACDF0 /* UILayoutPriorityExtensions.swift */,
			);
			path = AutoLayout;
			sourceTree = "<group>";
		};
		A9A53C1D221DE2170088420B /* Operations */ = {
			isa = PBXGroup;
			children = (
				A9FC471021FB9088004ACDF0 /* AsynchronousOperation.swift */,
			);
			path = Operations;
			sourceTree = "<group>";
		};
		A9A53C1E221DE2340088420B /* CollectionView Layouts */ = {
			isa = PBXGroup;
			children = (
				A95291812201DC1500EBCA9B /* GridLayout.swift */,
				3D8C7744236F3C1100A556DF /* ListLayout.swift */,
			);
			path = "CollectionView Layouts";
			sourceTree = "<group>";
		};
		A9A53C21221E20B70088420B /* Common */ = {
			isa = PBXGroup;
			children = (
				A9FC471121FB9088004ACDF0 /* Log.swift */,
			);
			path = Common;
			sourceTree = "<group>";
		};
		A9FC46C421FB8E70004ACDF0 = {
			isa = PBXGroup;
			children = (
				A9FC46CF21FB8E70004ACDF0 /* Top 100 */,
				A9FC46E721FB8E73004ACDF0 /* Top 100Tests */,
				A9FC46F221FB8E73004ACDF0 /* Top 100UITests */,
				A9FC46CE21FB8E70004ACDF0 /* Products */,
			);
			sourceTree = "<group>";
		};
		A9FC46CE21FB8E70004ACDF0 /* Products */ = {
			isa = PBXGroup;
			children = (
				A9FC46CD21FB8E70004ACDF0 /* Top 100.app */,
				A9FC46E421FB8E73004ACDF0 /* Top 100Tests.xctest */,
				A9FC46EF21FB8E73004ACDF0 /* Top 100UITests.xctest */,
			);
			name = Products;
			sourceTree = "<group>";
		};
		A9FC46CF21FB8E70004ACDF0 /* Top 100 */ = {
			isa = PBXGroup;
			children = (
				A9FC46D021FB8E70004ACDF0 /* AppDelegate.swift */,
				3D84217723707D06000E4023 /* RootView */,
				3D84217823707D11000E4023 /* Albums Section */,
				3D84217A23707EB1000E4023 /* Movies Section */,
				3DABB2612368E83B00071222 /* UI Extensions */,
				A952918B22033CCF00EBCA9B /* API */,
				A9FC46DA21FB8E72004ACDF0 /* Assets.xcassets */,
				A9FC46DC21FB8E72004ACDF0 /* LaunchScreen.storyboard */,
				A9FC46DF21FB8E72004ACDF0 /* Info.plist */,
				A952918C22033CEC00EBCA9B /* Helpers */,
				A9FC470D21FB8FF2004ACDF0 /* Models */,
			);
			path = "Top 100";
			sourceTree = "<group>";
		};
		A9FC46E721FB8E73004ACDF0 /* Top 100Tests */ = {
			isa = PBXGroup;
			children = (
				A9FC46E821FB8E73004ACDF0 /* Top_100Tests.swift */,
				A9FC46EA21FB8E73004ACDF0 /* Info.plist */,
			);
			path = "Top 100Tests";
			sourceTree = "<group>";
		};
		A9FC46F221FB8E73004ACDF0 /* Top 100UITests */ = {
			isa = PBXGroup;
			children = (
				A9FC46F321FB8E73004ACDF0 /* Top_100UITests.swift */,
				A9FC46F521FB8E73004ACDF0 /* Info.plist */,
			);
			path = "Top 100UITests";
			sourceTree = "<group>";
		};
		A9FC470D21FB8FF2004ACDF0 /* Models */ = {
			isa = PBXGroup;
			children = (
				3D3BA3332369CFC20024FE4B /* Album.swift */,
				3D1DFD71237088B10083F2A3 /* Movie.swift */,
			);
			path = Models;
			sourceTree = "<group>";
		};
/* End PBXGroup section */

/* Begin PBXNativeTarget section */
		A9FC46CC21FB8E70004ACDF0 /* Top 100 */ = {
			isa = PBXNativeTarget;
			buildConfigurationList = A9FC46F821FB8E73004ACDF0 /* Build configuration list for PBXNativeTarget "Top 100" */;
			buildPhases = (
				A9FC46C921FB8E70004ACDF0 /* Sources */,
				A9FC46CA21FB8E70004ACDF0 /* Frameworks */,
				A9FC46CB21FB8E70004ACDF0 /* Resources */,
			);
			buildRules = (
			);
			dependencies = (
			);
			name = "Top 100";
			productName = "Top 100";
			productReference = A9FC46CD21FB8E70004ACDF0 /* Top 100.app */;
			productType = "com.apple.product-type.application";
		};
		A9FC46E321FB8E73004ACDF0 /* Top 100Tests */ = {
			isa = PBXNativeTarget;
			buildConfigurationList = A9FC46FB21FB8E73004ACDF0 /* Build configuration list for PBXNativeTarget "Top 100Tests" */;
			buildPhases = (
				A9FC46E021FB8E73004ACDF0 /* Sources */,
				A9FC46E121FB8E73004ACDF0 /* Frameworks */,
				A9FC46E221FB8E73004ACDF0 /* Resources */,
			);
			buildRules = (
			);
			dependencies = (
				A9FC46E621FB8E73004ACDF0 /* PBXTargetDependency */,
			);
			name = "Top 100Tests";
			productName = "Top 100Tests";
			productReference = A9FC46E421FB8E73004ACDF0 /* Top 100Tests.xctest */;
			productType = "com.apple.product-type.bundle.unit-test";
		};
		A9FC46EE21FB8E73004ACDF0 /* Top 100UITests */ = {
			isa = PBXNativeTarget;
			buildConfigurationList = A9FC46FE21FB8E73004ACDF0 /* Build configuration list for PBXNativeTarget "Top 100UITests" */;
			buildPhases = (
				A9FC46EB21FB8E73004ACDF0 /* Sources */,
				A9FC46EC21FB8E73004ACDF0 /* Frameworks */,
				A9FC46ED21FB8E73004ACDF0 /* Resources */,
			);
			buildRules = (
			);
			dependencies = (
				A9FC46F121FB8E73004ACDF0 /* PBXTargetDependency */,
			);
			name = "Top 100UITests";
			productName = "Top 100UITests";
			productReference = A9FC46EF21FB8E73004ACDF0 /* Top 100UITests.xctest */;
			productType = "com.apple.product-type.bundle.ui-testing";
		};
/* End PBXNativeTarget section */

/* Begin PBXProject section */
		A9FC46C521FB8E70004ACDF0 /* Project object */ = {
			isa = PBXProject;
			attributes = {
				LastSwiftUpdateCheck = 1010;
				LastUpgradeCheck = 1010;
				ORGANIZATIONNAME = "District-1";
				TargetAttributes = {
					A9FC46CC21FB8E70004ACDF0 = {
						CreatedOnToolsVersion = 10.1;
						LastSwiftMigration = 1020;
					};
					A9FC46E321FB8E73004ACDF0 = {
						CreatedOnToolsVersion = 10.1;
						LastSwiftMigration = 1020;
						TestTargetID = A9FC46CC21FB8E70004ACDF0;
					};
					A9FC46EE21FB8E73004ACDF0 = {
						CreatedOnToolsVersion = 10.1;
						LastSwiftMigration = 1020;
						TestTargetID = A9FC46CC21FB8E70004ACDF0;
					};
				};
			};
			buildConfigurationList = A9FC46C821FB8E70004ACDF0 /* Build configuration list for PBXProject "Top 100" */;
			compatibilityVersion = "Xcode 9.3";
			developmentRegion = en;
			hasScannedForEncodings = 0;
			knownRegions = (
				en,
				Base,
			);
			mainGroup = A9FC46C421FB8E70004ACDF0;
			productRefGroup = A9FC46CE21FB8E70004ACDF0 /* Products */;
			projectDirPath = "";
			projectRoot = "";
			targets = (
				A9FC46CC21FB8E70004ACDF0 /* Top 100 */,
				A9FC46E321FB8E73004ACDF0 /* Top 100Tests */,
				A9FC46EE21FB8E73004ACDF0 /* Top 100UITests */,
			);
		};
/* End PBXProject section */

/* Begin PBXResourcesBuildPhase section */
		A9FC46CB21FB8E70004ACDF0 /* Resources */ = {
			isa = PBXResourcesBuildPhase;
			buildActionMask = 2147483647;
			files = (
				A9FC46DE21FB8E72004ACDF0 /* LaunchScreen.storyboard in Resources */,
				A9FC46DB21FB8E72004ACDF0 /* Assets.xcassets in Resources */,
			);
			runOnlyForDeploymentPostprocessing = 0;
		};
		A9FC46E221FB8E73004ACDF0 /* Resources */ = {
			isa = PBXResourcesBuildPhase;
			buildActionMask = 2147483647;
			files = (
			);
			runOnlyForDeploymentPostprocessing = 0;
		};
		A9FC46ED21FB8E73004ACDF0 /* Resources */ = {
			isa = PBXResourcesBuildPhase;
			buildActionMask = 2147483647;
			files = (
			);
			runOnlyForDeploymentPostprocessing = 0;
		};
/* End PBXResourcesBuildPhase section */

/* Begin PBXSourcesBuildPhase section */
		A9FC46C921FB8E70004ACDF0 /* Sources */ = {
			isa = PBXSourcesBuildPhase;
			buildActionMask = 2147483647;
			files = (
				A9FC472321FB90F8004ACDF0 /* NetworkManager.swift in Sources */,
				3DABB2662368E85900071222 /* DataManager.swift in Sources */,
				3DABB26B2368EA1600071222 /* UICollectionView + Extensions.swift in Sources */,
				A9FC472721FB9109004ACDF0 /* NetworkOperations.swift in Sources */,
				3D84217C23707F2A000E4023 /* MoviesSectionCollectionViewCell.swift in Sources */,
				3DABB26E236A1A5500071222 /* RootViewModel.swift in Sources */,
				3DABB25F2368D65C00071222 /* AlbumViewModel.swift in Sources */,
				A9FC471721FB9093004ACDF0 /* NetworkActivityIndicator.swift in Sources */,
				3D84218423708671000E4023 /* MovieViewModel.swift in Sources */,
				3D84217E2370818E000E4023 /* MovieCell.swift in Sources */,
				3D8C7745236F3C1100A556DF /* ListLayout.swift in Sources */,
				3DABB25D2368D50C00071222 /* AlbumCellTheme.swift in Sources */,
				A9FC473521FB956F004ACDF0 /* AlbumDetailViewController.swift in Sources */,
				3D842180237081E1000E4023 /* MovieCellTheme.swift in Sources */,
				A9FC471921FB9098004ACDF0 /* PresentationController.swift in Sources */,
				3D84218223708211000E4023 /* MovieCellLayout.swift in Sources */,
				3D1DFD72237088B10083F2A3 /* Movie.swift in Sources */,
				3D84217623705BA0000E4023 /* MoviesSectionViewModel.swift in Sources */,
				A9FC471D21FB90A8004ACDF0 /* UILayoutPriorityExtensions.swift in Sources */,
				A9FC471521FB9088004ACDF0 /* Reachability.swift in Sources */,
				A9FC471421FB9088004ACDF0 /* Log.swift in Sources */,
				3D3BA3342369CFC20024FE4B /* Album.swift in Sources */,
				A9FC472921FB9139004ACDF0 /* AlbumCell.swift in Sources */,
				A9FC472121FB90BE004ACDF0 /* ErrorHandling.swift in Sources */,
				A952918E22034D8F00EBCA9B /* AlbumCellLayout.swift in Sources */,
				A9FC471B21FB909F004ACDF0 /* CollectionViewTransitioningCoordinator.swift in Sources */,
				3DFC757F236CCCE300E14A1B /* AlbumsSectionViewModel.swift in Sources */,
				A95291822201DC1500EBCA9B /* GridLayout.swift in Sources */,
				3DABB2672368E8F500071222 /* UICell + Protocol Extensions.swift in Sources */,
				A9FC471321FB9088004ACDF0 /* AsynchronousOperation.swift in Sources */,
				A9FC471F21FB90B6004ACDF0 /* API.swift in Sources */,
				3DFC757D236CCC1A00E14A1B /* AlbumsSectionCollectionViewCell.swift in Sources */,
				A9FC46D121FB8E70004ACDF0 /* AppDelegate.swift in Sources */,
				A9FC473921FB9631004ACDF0 /* RootViewController.swift in Sources */,
			);
			runOnlyForDeploymentPostprocessing = 0;
		};
		A9FC46E021FB8E73004ACDF0 /* Sources */ = {
			isa = PBXSourcesBuildPhase;
			buildActionMask = 2147483647;
			files = (
				A9FC46E921FB8E73004ACDF0 /* Top_100Tests.swift in Sources */,
			);
			runOnlyForDeploymentPostprocessing = 0;
		};
		A9FC46EB21FB8E73004ACDF0 /* Sources */ = {
			isa = PBXSourcesBuildPhase;
			buildActionMask = 2147483647;
			files = (
				A9FC46F421FB8E73004ACDF0 /* Top_100UITests.swift in Sources */,
			);
			runOnlyForDeploymentPostprocessing = 0;
		};
/* End PBXSourcesBuildPhase section */

/* Begin PBXTargetDependency section */
		A9FC46E621FB8E73004ACDF0 /* PBXTargetDependency */ = {
			isa = PBXTargetDependency;
			target = A9FC46CC21FB8E70004ACDF0 /* Top 100 */;
			targetProxy = A9FC46E521FB8E73004ACDF0 /* PBXContainerItemProxy */;
		};
		A9FC46F121FB8E73004ACDF0 /* PBXTargetDependency */ = {
			isa = PBXTargetDependency;
			target = A9FC46CC21FB8E70004ACDF0 /* Top 100 */;
			targetProxy = A9FC46F021FB8E73004ACDF0 /* PBXContainerItemProxy */;
		};
/* End PBXTargetDependency section */

/* Begin PBXVariantGroup section */
		A9FC46DC21FB8E72004ACDF0 /* LaunchScreen.storyboard */ = {
			isa = PBXVariantGroup;
			children = (
				A9FC46DD21FB8E72004ACDF0 /* Base */,
			);
			name = LaunchScreen.storyboard;
			sourceTree = "<group>";
		};
/* End PBXVariantGroup section */

/* Begin XCBuildConfiguration section */
		A9FC46F621FB8E73004ACDF0 /* Debug */ = {
			isa = XCBuildConfiguration;
			buildSettings = {
				ALWAYS_SEARCH_USER_PATHS = NO;
				CLANG_ANALYZER_NONNULL = YES;
				CLANG_ANALYZER_NUMBER_OBJECT_CONVERSION = YES_AGGRESSIVE;
				CLANG_CXX_LANGUAGE_STANDARD = "gnu++14";
				CLANG_CXX_LIBRARY = "libc++";
				CLANG_ENABLE_MODULES = YES;
				CLANG_ENABLE_OBJC_ARC = YES;
				CLANG_ENABLE_OBJC_WEAK = YES;
				CLANG_WARN_BLOCK_CAPTURE_AUTORELEASING = YES;
				CLANG_WARN_BOOL_CONVERSION = YES;
				CLANG_WARN_COMMA = YES;
				CLANG_WARN_CONSTANT_CONVERSION = YES;
				CLANG_WARN_DEPRECATED_OBJC_IMPLEMENTATIONS = YES;
				CLANG_WARN_DIRECT_OBJC_ISA_USAGE = YES_ERROR;
				CLANG_WARN_DOCUMENTATION_COMMENTS = YES;
				CLANG_WARN_EMPTY_BODY = YES;
				CLANG_WARN_ENUM_CONVERSION = YES;
				CLANG_WARN_INFINITE_RECURSION = YES;
				CLANG_WARN_INT_CONVERSION = YES;
				CLANG_WARN_NON_LITERAL_NULL_CONVERSION = YES;
				CLANG_WARN_OBJC_IMPLICIT_RETAIN_SELF = YES;
				CLANG_WARN_OBJC_LITERAL_CONVERSION = YES;
				CLANG_WARN_OBJC_ROOT_CLASS = YES_ERROR;
				CLANG_WARN_RANGE_LOOP_ANALYSIS = YES;
				CLANG_WARN_STRICT_PROTOTYPES = YES;
				CLANG_WARN_SUSPICIOUS_MOVE = YES;
				CLANG_WARN_UNGUARDED_AVAILABILITY = YES_AGGRESSIVE;
				CLANG_WARN_UNREACHABLE_CODE = YES;
				CLANG_WARN__DUPLICATE_METHOD_MATCH = YES;
				CODE_SIGN_IDENTITY = "iPhone Developer";
				COPY_PHASE_STRIP = NO;
				DEBUG_INFORMATION_FORMAT = dwarf;
				ENABLE_STRICT_OBJC_MSGSEND = YES;
				ENABLE_TESTABILITY = YES;
				GCC_C_LANGUAGE_STANDARD = gnu11;
				GCC_DYNAMIC_NO_PIC = NO;
				GCC_NO_COMMON_BLOCKS = YES;
				GCC_OPTIMIZATION_LEVEL = 0;
				GCC_PREPROCESSOR_DEFINITIONS = (
					"DEBUG=1",
					"$(inherited)",
				);
				GCC_WARN_64_TO_32_BIT_CONVERSION = YES;
				GCC_WARN_ABOUT_RETURN_TYPE = YES_ERROR;
				GCC_WARN_UNDECLARED_SELECTOR = YES;
				GCC_WARN_UNINITIALIZED_AUTOS = YES_AGGRESSIVE;
				GCC_WARN_UNUSED_FUNCTION = YES;
				GCC_WARN_UNUSED_VARIABLE = YES;
				IPHONEOS_DEPLOYMENT_TARGET = 12.1;
				MTL_ENABLE_DEBUG_INFO = INCLUDE_SOURCE;
				MTL_FAST_MATH = YES;
				ONLY_ACTIVE_ARCH = YES;
				SDKROOT = iphoneos;
				SWIFT_ACTIVE_COMPILATION_CONDITIONS = DEBUG;
				SWIFT_OPTIMIZATION_LEVEL = "-Onone";
			};
			name = Debug;
		};
		A9FC46F721FB8E73004ACDF0 /* Release */ = {
			isa = XCBuildConfiguration;
			buildSettings = {
				ALWAYS_SEARCH_USER_PATHS = NO;
				CLANG_ANALYZER_NONNULL = YES;
				CLANG_ANALYZER_NUMBER_OBJECT_CONVERSION = YES_AGGRESSIVE;
				CLANG_CXX_LANGUAGE_STANDARD = "gnu++14";
				CLANG_CXX_LIBRARY = "libc++";
				CLANG_ENABLE_MODULES = YES;
				CLANG_ENABLE_OBJC_ARC = YES;
				CLANG_ENABLE_OBJC_WEAK = YES;
				CLANG_WARN_BLOCK_CAPTURE_AUTORELEASING = YES;
				CLANG_WARN_BOOL_CONVERSION = YES;
				CLANG_WARN_COMMA = YES;
				CLANG_WARN_CONSTANT_CONVERSION = YES;
				CLANG_WARN_DEPRECATED_OBJC_IMPLEMENTATIONS = YES;
				CLANG_WARN_DIRECT_OBJC_ISA_USAGE = YES_ERROR;
				CLANG_WARN_DOCUMENTATION_COMMENTS = YES;
				CLANG_WARN_EMPTY_BODY = YES;
				CLANG_WARN_ENUM_CONVERSION = YES;
				CLANG_WARN_INFINITE_RECURSION = YES;
				CLANG_WARN_INT_CONVERSION = YES;
				CLANG_WARN_NON_LITERAL_NULL_CONVERSION = YES;
				CLANG_WARN_OBJC_IMPLICIT_RETAIN_SELF = YES;
				CLANG_WARN_OBJC_LITERAL_CONVERSION = YES;
				CLANG_WARN_OBJC_ROOT_CLASS = YES_ERROR;
				CLANG_WARN_RANGE_LOOP_ANALYSIS = YES;
				CLANG_WARN_STRICT_PROTOTYPES = YES;
				CLANG_WARN_SUSPICIOUS_MOVE = YES;
				CLANG_WARN_UNGUARDED_AVAILABILITY = YES_AGGRESSIVE;
				CLANG_WARN_UNREACHABLE_CODE = YES;
				CLANG_WARN__DUPLICATE_METHOD_MATCH = YES;
				CODE_SIGN_IDENTITY = "iPhone Developer";
				COPY_PHASE_STRIP = NO;
				DEBUG_INFORMATION_FORMAT = "dwarf-with-dsym";
				ENABLE_NS_ASSERTIONS = NO;
				ENABLE_STRICT_OBJC_MSGSEND = YES;
				GCC_C_LANGUAGE_STANDARD = gnu11;
				GCC_NO_COMMON_BLOCKS = YES;
				GCC_WARN_64_TO_32_BIT_CONVERSION = YES;
				GCC_WARN_ABOUT_RETURN_TYPE = YES_ERROR;
				GCC_WARN_UNDECLARED_SELECTOR = YES;
				GCC_WARN_UNINITIALIZED_AUTOS = YES_AGGRESSIVE;
				GCC_WARN_UNUSED_FUNCTION = YES;
				GCC_WARN_UNUSED_VARIABLE = YES;
				IPHONEOS_DEPLOYMENT_TARGET = 12.1;
				MTL_ENABLE_DEBUG_INFO = NO;
				MTL_FAST_MATH = YES;
				SDKROOT = iphoneos;
				SWIFT_COMPILATION_MODE = wholemodule;
				SWIFT_OPTIMIZATION_LEVEL = "-O";
				VALIDATE_PRODUCT = YES;
			};
			name = Release;
		};
		A9FC46F921FB8E73004ACDF0 /* Debug */ = {
			isa = XCBuildConfiguration;
			buildSettings = {
				ASSETCATALOG_COMPILER_APPICON_NAME = AppIcon;
				CODE_SIGN_STYLE = Automatic;
				DEVELOPMENT_TEAM = 84LWHNDQ7W;
				INFOPLIST_FILE = "Top 100/Info.plist";
				IPHONEOS_DEPLOYMENT_TARGET = 11.4;
				LD_RUNPATH_SEARCH_PATHS = (
					"$(inherited)",
					"@executable_path/Frameworks",
				);
				PRODUCT_BUNDLE_IDENTIFIER = com.clearchannel.iheartradiotop100;
				PRODUCT_NAME = "$(TARGET_NAME)";
				SWIFT_VERSION = 4.2;
				TARGETED_DEVICE_FAMILY = "1,2";
			};
			name = Debug;
		};
		A9FC46FA21FB8E73004ACDF0 /* Release */ = {
			isa = XCBuildConfiguration;
			buildSettings = {
				ASSETCATALOG_COMPILER_APPICON_NAME = AppIcon;
				CODE_SIGN_STYLE = Automatic;
				DEVELOPMENT_TEAM = 84LWHNDQ7W;
				INFOPLIST_FILE = "Top 100/Info.plist";
				IPHONEOS_DEPLOYMENT_TARGET = 11.4;
				LD_RUNPATH_SEARCH_PATHS = (
					"$(inherited)",
					"@executable_path/Frameworks",
				);
				PRODUCT_BUNDLE_IDENTIFIER = com.clearchannel.iheartradiotop100;
				PRODUCT_NAME = "$(TARGET_NAME)";
				SWIFT_VERSION = 4.2;
				TARGETED_DEVICE_FAMILY = "1,2";
			};
			name = Release;
		};
		A9FC46FC21FB8E73004ACDF0 /* Debug */ = {
			isa = XCBuildConfiguration;
			buildSettings = {
				ALWAYS_EMBED_SWIFT_STANDARD_LIBRARIES = YES;
				BUNDLE_LOADER = "$(TEST_HOST)";
				CODE_SIGN_STYLE = Automatic;
				DEVELOPMENT_TEAM = 444UEHSZ58;
				INFOPLIST_FILE = "Top 100Tests/Info.plist";
				LD_RUNPATH_SEARCH_PATHS = (
					"$(inherited)",
					"@executable_path/Frameworks",
					"@loader_path/Frameworks",
				);
				PRODUCT_BUNDLE_IDENTIFIER = "com.disctrictapp.Top-100Tests";
				PRODUCT_NAME = "$(TARGET_NAME)";
				SWIFT_VERSION = 5.0;
				TARGETED_DEVICE_FAMILY = "1,2";
				TEST_HOST = "$(BUILT_PRODUCTS_DIR)/Top 100.app/Top 100";
			};
			name = Debug;
		};
		A9FC46FD21FB8E73004ACDF0 /* Release */ = {
			isa = XCBuildConfiguration;
			buildSettings = {
				ALWAYS_EMBED_SWIFT_STANDARD_LIBRARIES = YES;
				BUNDLE_LOADER = "$(TEST_HOST)";
				CODE_SIGN_STYLE = Automatic;
				DEVELOPMENT_TEAM = 444UEHSZ58;
				INFOPLIST_FILE = "Top 100Tests/Info.plist";
				LD_RUNPATH_SEARCH_PATHS = (
					"$(inherited)",
					"@executable_path/Frameworks",
					"@loader_path/Frameworks",
				);
				PRODUCT_BUNDLE_IDENTIFIER = "com.disctrictapp.Top-100Tests";
				PRODUCT_NAME = "$(TARGET_NAME)";
				SWIFT_VERSION = 5.0;
				TARGETED_DEVICE_FAMILY = "1,2";
				TEST_HOST = "$(BUILT_PRODUCTS_DIR)/Top 100.app/Top 100";
			};
			name = Release;
		};
		A9FC46FF21FB8E73004ACDF0 /* Debug */ = {
			isa = XCBuildConfiguration;
			buildSettings = {
				ALWAYS_EMBED_SWIFT_STANDARD_LIBRARIES = YES;
				CODE_SIGN_STYLE = Automatic;
				DEVELOPMENT_TEAM = 444UEHSZ58;
				INFOPLIST_FILE = "Top 100UITests/Info.plist";
				LD_RUNPATH_SEARCH_PATHS = (
					"$(inherited)",
					"@executable_path/Frameworks",
					"@loader_path/Frameworks",
				);
				PRODUCT_BUNDLE_IDENTIFIER = "com.disctrictapp.Top-100UITests";
				PRODUCT_NAME = "$(TARGET_NAME)";
				SWIFT_VERSION = 5.0;
				TARGETED_DEVICE_FAMILY = "1,2";
				TEST_TARGET_NAME = "Top 100";
			};
			name = Debug;
		};
		A9FC470021FB8E73004ACDF0 /* Release */ = {
			isa = XCBuildConfiguration;
			buildSettings = {
				ALWAYS_EMBED_SWIFT_STANDARD_LIBRARIES = YES;
				CODE_SIGN_STYLE = Automatic;
				DEVELOPMENT_TEAM = 444UEHSZ58;
				INFOPLIST_FILE = "Top 100UITests/Info.plist";
				LD_RUNPATH_SEARCH_PATHS = (
					"$(inherited)",
					"@executable_path/Frameworks",
					"@loader_path/Frameworks",
				);
				PRODUCT_BUNDLE_IDENTIFIER = "com.disctrictapp.Top-100UITests";
				PRODUCT_NAME = "$(TARGET_NAME)";
				SWIFT_VERSION = 5.0;
				TARGETED_DEVICE_FAMILY = "1,2";
				TEST_TARGET_NAME = "Top 100";
			};
			name = Release;
		};
/* End XCBuildConfiguration section */

/* Begin XCConfigurationList section */
		A9FC46C821FB8E70004ACDF0 /* Build configuration list for PBXProject "Top 100" */ = {
			isa = XCConfigurationList;
			buildConfigurations = (
				A9FC46F621FB8E73004ACDF0 /* Debug */,
				A9FC46F721FB8E73004ACDF0 /* Release */,
			);
			defaultConfigurationIsVisible = 0;
			defaultConfigurationName = Release;
		};
		A9FC46F821FB8E73004ACDF0 /* Build configuration list for PBXNativeTarget "Top 100" */ = {
			isa = XCConfigurationList;
			buildConfigurations = (
				A9FC46F921FB8E73004ACDF0 /* Debug */,
				A9FC46FA21FB8E73004ACDF0 /* Release */,
			);
			defaultConfigurationIsVisible = 0;
			defaultConfigurationName = Release;
		};
		A9FC46FB21FB8E73004ACDF0 /* Build configuration list for PBXNativeTarget "Top 100Tests" */ = {
			isa = XCConfigurationList;
			buildConfigurations = (
				A9FC46FC21FB8E73004ACDF0 /* Debug */,
				A9FC46FD21FB8E73004ACDF0 /* Release */,
			);
			defaultConfigurationIsVisible = 0;
			defaultConfigurationName = Release;
		};
		A9FC46FE21FB8E73004ACDF0 /* Build configuration list for PBXNativeTarget "Top 100UITests" */ = {
			isa = XCConfigurationList;
			buildConfigurations = (
				A9FC46FF21FB8E73004ACDF0 /* Debug */,
				A9FC470021FB8E73004ACDF0 /* Release */,
			);
			defaultConfigurationIsVisible = 0;
			defaultConfigurationName = Release;
		};
/* End XCConfigurationList section */
	};
	rootObject = A9FC46C521FB8E70004ACDF0 /* Project object */;
}
